// !$*UTF8*$!
{
	archiveVersion = 1;
	classes = {
	};
	objectVersion = 56;
	objects = {

/* Begin PBXBuildFile section */
		A1000001 /* WayfarerApp.swift in Sources */ = {isa = PBXBuildFile; fileRef = A1000002 /* WayfarerApp.swift */; };
		A1000003 /* ContentView.swift in Sources */ = {isa = PBXBuildFile; fileRef = A1000004 /* ContentView.swift */; };
		A1000005 /* Assets.xcassets in Resources */ = {isa = PBXBuildFile; fileRef = A1000006 /* Assets.xcassets */; };
		A1000007 /* Preview Assets.xcassets in Resources */ = {isa = PBXBuildFile; fileRef = A1000008 /* Preview Assets.xcassets */; };
/* End PBXBuildFile section */

/* Begin PBXFileReference section */
		A1000002 /* WayfarerApp.swift */ = {isa = PBXFileReference; lastKnownFileType = sourcecode.swift; path = WayfarerApp.swift; sourceTree = "<group>"; };
		A1000004 /* ContentView.swift */ = {isa = PBXFileReference; lastKnownFileType = sourcecode.swift; path = ContentView.swift; sourceTree = "<group>"; };
		A1000006 /* Assets.xcassets */ = {isa = PBXFileReference; lastKnownFileType = folder.assetcatalog; path = Assets.xcassets; sourceTree = "<group>"; };
		A1000008 /* Preview Assets.xcassets */ = {isa = PBXFileReference; lastKnownFileType = folder.assetcatalog; path = "Preview Content/Preview Assets.xcassets"; sourceTree = "<group>"; };
		A1000009 /* Info.plist */ = {isa = PBXFileReference; lastKnownFileType = text.plist.xml; path = Info.plist; sourceTree = "<group>"; };
		A1000010 /* WayfarerApp.app */ = {isa = PBXFileReference; explicitFileType = wrapper.application; path = WayfarerApp.app; sourceTree = BUILT_PRODUCTS_DIR; };
/* End PBXFileReference section */

/* Begin PBXFrameworksBuildPhase section */
		A1000011 /* Frameworks */ = {
			isa = PBXFrameworksBuildPhase;
			buildActionMask = 2147483647;
			files = (
			);
			runOnlyForDeploymentPostprocessing = 0;
		};
/* End PBXFrameworksBuildPhase section */

/* Begin PBXGroup section */
		A1000012 = {
			isa = PBXGroup;
			children = (
				A1000013 /* WayfarerApp */,
				A1000014 /* Products */,
			);
			sourceTree = "<group>";
		};
		A1000013 /* WayfarerApp */ = {
			isa = PBXGroup;
			children = (
				A1000002 /* WayfarerApp.swift */,
				A1000004 /* ContentView.swift */,
				A1000006 /* Assets.xcassets */,
				A1000008 /* Preview Assets.xcassets */,
				A1000009 /* Info.plist */,
			);
			path = WayfarerApp;
			sourceTree = "<group>";
		};
		A1000014 /* Products */ = {
			isa = PBXGroup;
			children = (
				A1000010 /* WayfarerApp.app */,
			);
			name = Products;
			sourceTree = "<group>";
		};
/* End PBXGroup section */

/* Begin PBXNativeTarget section */
		A1000015 /* WayfarerApp */ = {
			isa = PBXNativeTarget;
			buildConfigurationList = A1000016 /* Build configuration list for PBXNativeTarget "WayfarerApp" */;
			buildPhases = (
				A1000017 /* Sources */,
				A1000011 /* Frameworks */,
				A1000018 /* Resources */,
			);
			buildRules = (
			);
			dependencies = (
			);
			name = WayfarerApp;
			productName = WayfarerApp;
			productReference = A1000010 /* WayfarerApp.app */;
			productType = "com.apple.product-type.application";
		};
/* End PBXNativeTarget section */

/* Begin PBXProject section */
		A1000019 /* Project object */ = {
			isa = PBXProject;
			attributes = {
				BuildIndependentTargetsInParallel = 1;
				LastUpgradeCheck = 1600;
				ORGANIZATIONNAME = Wayfarer;
				TargetAttributes = {
					A1000015 = {
						CreatedOnToolsVersion = 16.0;
						DevelopmentTeam = "";
						ProvisioningStyle = Automatic;
					};
				};
			};
			buildConfigurationList = A1000020 /* Build configuration list for PBXProject "WayfarerApp" */;
			compatibilityVersion = "Xcode 14.0";
			developmentRegion = en;
			hasScannedForEncodings = 0;
			knownRegions = (
				en,
				Base,
			);
			mainGroup = A1000012;
			productRefGroup = A1000014 /* Products */;
			projectDirPath = "";
			projectRoot = "";
			targets = (
				A1000015 /* WayfarerApp */,
			);
		};
/* End PBXProject section */

/* Begin PBXResourcesBuildPhase section */
		A1000018 /* Resources */ = {
			isa = PBXResourcesBuildPhase;
			buildActionMask = 2147483647;
			files = (
				A1000005 /* Assets.xcassets in Resources */,
				A1000007 /* Preview Assets.xcassets in Resources */,
			);
			runOnlyForDeploymentPostprocessing = 0;
		};
/* End PBXResourcesBuildPhase section */

/* Begin PBXSourcesBuildPhase section */
		A1000017 /* Sources */ = {
			isa = PBXSourcesBuildPhase;
			buildActionMask = 2147483647;
			files = (
				A1000001 /* WayfarerApp.swift in Sources */,
				A1000003 /* ContentView.swift in Sources */,
			);
			runOnlyForDeploymentPostprocessing = 0;
		};
/* End PBXSourcesBuildPhase section */

/* Begin XCBuildConfiguration section */
		A1000021 /* Debug */ = {
			isa = XCBuildConfiguration;
			buildSettings = {
				ALWAYS_EMBED_SWIFT_STANDARD_LIBRARIES = YES;
				ASSETCATALOG_COMPILER_APPICON_NAME = AppIcon;
				CLANG_ENABLE_MODULES = YES;
				CURRENT_PROJECT_VERSION = 1;
				DEVELOPMENT_TEAM = "";
				ENABLE_PREVIEWS = YES;
				GENERATE_INFOPLIST_FILE = NO;
				INFOPLIST_FILE = WayfarerApp/Info.plist;
				IPHONEOS_DEPLOYMENT_TARGET = 16.0;
				LD_RUNPATH_SEARCH_PATHS = (
					"$(inherited)",
					"@executable_path/Frameworks",
				);
				PRODUCT_BUNDLE_IDENTIFIER = com.wayfarer.app;
				PRODUCT_NAME = WayfarerApp;
				SUPPORTED_PLATFORMS = "iphoneos iphonesimulator";
				SUPPORTS_MACCATALYST = NO;
				SUPPORTS_MAC_DESIGNED_FOR_IPHONE = NO;
				SWIFT_VERSION = 5.0;
				TARGETED_DEVICE_FAMILY = 1;
			};
			name = Debug;
		};
		A1000022 /* Release */ = {
			isa = XCBuildConfiguration;
			buildSettings = {
				ALWAYS_EMBED_SWIFT_STANDARD_LIBRARIES = YES;
				ASSETCATALOG_COMPILER_APPICON_NAME = AppIcon;
				CLANG_ENABLE_MODULES = YES;
				CURRENT_PROJECT_VERSION = 1;
				DEVELOPMENT_TEAM = "";
				ENABLE_PREVIEWS = YES;
				GENERATE_INFOPLIST_FILE = NO;
				INFOPLIST_FILE = WayfarerApp/Info.plist;
				IPHONEOS_DEPLOYMENT_TARGET = 16.0;
				LD_RUNPATH_SEARCH_PATHS = (
					"$(inherited)",
					"@executable_path/Frameworks",
				);
				PRODUCT_BUNDLE_IDENTIFIER = com.wayfarer.app;
				PRODUCT_NAME = WayfarerApp;
				SUPPORTED_PLATFORMS = "iphoneos iphonesimulator";
				SUPPORTS_MACCATALYST = NO;
				SUPPORTS_MAC_DESIGNED_FOR_IPHONE = NO;
				SWIFT_VERSION = 5.0;
				TARGETED_DEVICE_FAMILY = 1;
			};
			name = Release;
		};
		A1000023 /* Debug */ = {
			isa = XCBuildConfiguration;
			buildSettings = {
				CLANG_ENABLE_MODULES = YES;
				CURRENT_PROJECT_VERSION = 1;
				DEVELOPMENT_TEAM = "";
				GENERATE_INFOPLIST_FILE = NO;
				INFOPLIST_FILE = WayfarerApp/Info.plist;
				IPHONEOS_DEPLOYMENT_TARGET = 16.0;
				PRODUCT_BUNDLE_IDENTIFIER = com.wayfarer.app;
				PRODUCT_NAME = WayfarerApp;
				SUPPORTED_PLATFORMS = "iphoneos iphonesimulator";
				SUPPORTS_MACCATALYST = NO;
				SUPPORTS_MAC_DESIGNED_FOR_IPHONE = NO;
				SWIFT_VERSION = 5.0;
				TARGETED_DEVICE_FAMILY = 1;
			};
			name = Debug;
		};
		A1000024 /* Release */ = {
			isa = XCBuildConfiguration;
			buildSettings = {
				CLANG_ENABLE_MODULES = YES;
				CURRENT_PROJECT_VERSION = 1;
				DEVELOPMENT_TEAM = "";
				GENERATE_INFOPLIST_FILE = NO;
				INFOPLIST_FILE = WayfarerApp/Info.plist;
				IPHONEOS_DEPLOYMENT_TARGET = 16.0;
				PRODUCT_BUNDLE_IDENTIFIER = com.wayfarer.app;
				PRODUCT_NAME = WayfarerApp;
				SUPPORTED_PLATFORMS = "iphoneos iphonesimulator";
				SUPPORTS_MACCATALYST = NO;
				SUPPORTS_MAC_DESIGNED_FOR_IPHONE = NO;
				SWIFT_VERSION = 5.0;
				TARGETED_DEVICE_FAMILY = 1;
			};
			name = Release;
		};
/* End XCBuildConfiguration section */

/* Begin XCConfigurationList section */
		A1000016 /* Build configuration list for PBXNativeTarget "WayfarerApp" */ = {
			isa = XCConfigurationList;
			buildConfigurations = (
				A1000021 /* Debug */,
				A1000022 /* Release */,
			);
			defaultConfigurationIsVisible = 0;
			defaultConfigurationName = Release;
		};
		A1000020 /* Build configuration list for PBXProject "WayfarerApp" */ = {
			isa = XCConfigurationList;
			buildConfigurations = (
				A1000023 /* Debug */,
				A1000024 /* Release */,
			);
			defaultConfigurationIsVisible = 0;
			defaultConfigurationName = Release;
		};
/* End XCConfigurationList section */
	};
	rootObject = A1000019 /* Project object */;
}
